
Microsoft Visual Studio Solution File, Format Version 12.00
# Visual Studio 14
VisualStudioVersion = 14.0.25420.1
MinimumVisualStudioVersion = 10.0.40219.1
Project("{FAE04EC0-301F-11D3-BF4B-00C04F79EFBC}") = "WebApi", "WebApi\WebApi.csproj", "{D3BE4E61-EE4C-441C-BACE-28F9FFD2833D}"
EndProject
Project("{2150E333-8FDC-42A3-9474-1A3956D46DE8}") = "1. Common", "1. Common", "{B4FF567A-ABD8-4411-BBD9-DD0C42978D16}"
EndProject
Project("{2150E333-8FDC-42A3-9474-1A3956D46DE8}") = "2. DataAccess", "2. DataAccess", "{EBE8FAFE-5709-4764-900D-4E55CD739848}"
EndProject
Project("{2150E333-8FDC-42A3-9474-1A3956D46DE8}") = "3. DomainService", "3. DomainService", "{8180032E-7E7B-43FA-8356-F5BD9B1919FF}"
EndProject
Project("{FAE04EC0-301F-11D3-BF4B-00C04F79EFBC}") = "WebApi.Common", "WebApi.Common\WebApi.Common.csproj", "{319D5DD1-8118-45AB-9D37-3879D0E04F89}"
EndProject
Project("{FAE04EC0-301F-11D3-BF4B-00C04F79EFBC}") = "WebApi.DataAccess", "WebApi.DataAccess\WebApi.DataAccess.csproj", "{37F6DC86-EF86-4EEE-B80F-D847A38B9039}"
EndProject
Project("{FAE04EC0-301F-11D3-BF4B-00C04F79EFBC}") = "WebApi.ApplicationAPI", "WebApi.ApplicationAPI\WebApi.ApplicationAPI.csproj", "{7FB347C9-57A2-4409-8045-DFAF9AF6F46C}"
EndProject
Project("{FAE04EC0-301F-11D3-BF4B-00C04F79EFBC}") = "WebApi.Service", "WebApi.Service\WebApi.Service.csproj", "{35691DBD-67EA-47CF-86FF-C25938F75B21}"
EndProject
Project("{FAE04EC0-301F-11D3-BF4B-00C04F79EFBC}") = "WebApi.ThirdParty", "WebApi.ThirdParty\WebApi.ThirdParty.csproj", "{88589432-2A79-49BD-BA8F-3B74C4A29793}"
EndProject
Project("{FAE04EC0-301F-11D3-BF4B-00C04F79EFBC}") = "WebApi.Core", "WebApi.Core\WebApi.Core.csproj", "{CA405994-D277-48EC-A120-30E52187CE21}"
EndProject
Global
	GlobalSection(SolutionConfigurationPlatforms) = preSolution
		Debug|Any CPU = Debug|Any CPU
		Release|Any CPU = Release|Any CPU
	EndGlobalSection
	GlobalSection(ProjectConfigurationPlatforms) = postSolution
		{D3BE4E61-EE4C-441C-BACE-28F9FFD2833D}.Debug|Any CPU.ActiveCfg = Debug|Any CPU
		{D3BE4E61-EE4C-441C-BACE-28F9FFD2833D}.Debug|Any CPU.Build.0 = Debug|Any CPU
		{D3BE4E61-EE4C-441C-BACE-28F9FFD2833D}.Release|Any CPU.ActiveCfg = Release|Any CPU
		{D3BE4E61-EE4C-441C-BACE-28F9FFD2833D}.Release|Any CPU.Build.0 = Release|Any CPU
		{319D5DD1-8118-45AB-9D37-3879D0E04F89}.Debug|Any CPU.ActiveCfg = Debug|Any CPU
		{319D5DD1-8118-45AB-9D37-3879D0E04F89}.Debug|Any CPU.Build.0 = Debug|Any CPU
		{319D5DD1-8118-45AB-9D37-3879D0E04F89}.Release|Any CPU.ActiveCfg = Release|Any CPU
		{319D5DD1-8118-45AB-9D37-3879D0E04F89}.Release|Any CPU.Build.0 = Release|Any CPU
		{37F6DC86-EF86-4EEE-B80F-D847A38B9039}.Debug|Any CPU.ActiveCfg = Debug|Any CPU
		{37F6DC86-EF86-4EEE-B80F-D847A38B9039}.Debug|Any CPU.Build.0 = Debug|Any CPU
		{37F6DC86-EF86-4EEE-B80F-D847A38B9039}.Release|Any CPU.ActiveCfg = Release|Any CPU
		{37F6DC86-EF86-4EEE-B80F-D847A38B9039}.Release|Any CPU.Build.0 = Release|Any CPU
		{7FB347C9-57A2-4409-8045-DFAF9AF6F46C}.Debug|Any CPU.ActiveCfg = Debug|Any CPU
		{7FB347C9-57A2-4409-8045-DFAF9AF6F46C}.Debug|Any CPU.Build.0 = Debug|Any CPU
		{7FB347C9-57A2-4409-8045-DFAF9AF6F46C}.Release|Any CPU.ActiveCfg = Release|Any CPU
		{7FB347C9-57A2-4409-8045-DFAF9AF6F46C}.Release|Any CPU.Build.0 = Release|Any CPU
		{35691DBD-67EA-47CF-86FF-C25938F75B21}.Debug|Any CPU.ActiveCfg = Debug|Any CPU
		{35691DBD-67EA-47CF-86FF-C25938F75B21}.Debug|Any CPU.Build.0 = Debug|Any CPU
		{35691DBD-67EA-47CF-86FF-C25938F75B21}.Release|Any CPU.ActiveCfg = Release|Any CPU
		{35691DBD-67EA-47CF-86FF-C25938F75B21}.Release|Any CPU.Build.0 = Release|Any CPU
		{88589432-2A79-49BD-BA8F-3B74C4A29793}.Debug|Any CPU.ActiveCfg = Debug|Any CPU
		{88589432-2A79-49BD-BA8F-3B74C4A29793}.Debug|Any CPU.Build.0 = Debug|Any CPU
		{88589432-2A79-49BD-BA8F-3B74C4A29793}.Release|Any CPU.ActiveCfg = Release|Any CPU
		{88589432-2A79-49BD-BA8F-3B74C4A29793}.Release|Any CPU.Build.0 = Release|Any CPU
		{CA405994-D277-48EC-A120-30E52187CE21}.Debug|Any CPU.ActiveCfg = Debug|Any CPU
		{CA405994-D277-48EC-A120-30E52187CE21}.Debug|Any CPU.Build.0 = Debug|Any CPU
		{CA405994-D277-48EC-A120-30E52187CE21}.Release|Any CPU.ActiveCfg = Release|Any CPU
		{CA405994-D277-48EC-A120-30E52187CE21}.Release|Any CPU.Build.0 = Release|Any CPU
	EndGlobalSection
	GlobalSection(SolutionProperties) = preSolution
		HideSolutionNode = FALSE
	EndGlobalSection
	GlobalSection(NestedProjects) = preSolution
		{319D5DD1-8118-45AB-9D37-3879D0E04F89} = {B4FF567A-ABD8-4411-BBD9-DD0C42978D16}
		{37F6DC86-EF86-4EEE-B80F-D847A38B9039} = {EBE8FAFE-5709-4764-900D-4E55CD739848}
		{7FB347C9-57A2-4409-8045-DFAF9AF6F46C} = {8180032E-7E7B-43FA-8356-F5BD9B1919FF}
		{35691DBD-67EA-47CF-86FF-C25938F75B21} = {8180032E-7E7B-43FA-8356-F5BD9B1919FF}
		{88589432-2A79-49BD-BA8F-3B74C4A29793} = {8180032E-7E7B-43FA-8356-F5BD9B1919FF}
		{CA405994-D277-48EC-A120-30E52187CE21} = {EBE8FAFE-5709-4764-900D-4E55CD739848}
	EndGlobalSection
EndGlobal
